// !$*UTF8*$!
{
	archiveVersion = 1;
	classes = {
	};
	objectVersion = 77;
	objects = {

/* Begin PBXBuildFile section */
		06EFA78741AA92373233A867 /* AuthService.swift in Sources */ = {isa = PBXBuildFile; fileRef = 7D636C829D2BCC628747DC05 /* AuthService.swift */; };
		182842B7F7D8DFCBD999E0E3 /* Assets.xcassets in Resources */ = {isa = PBXBuildFile; fileRef = 7716F9AA852271132EB55C81 /* Assets.xcassets */; };
		31E443B324F1EF1E9DE8A0DC /* Analytics.swift in Sources */ = {isa = PBXBuildFile; fileRef = 0AEB4E3C0B3156ED700ED50F /* Analytics.swift */; };
		377C1DA0E27E19DEA0A53EC7 /* card_names_cache.json in Resources */ = {isa = PBXBuildFile; fileRef = 1779567CCF01C837CB627C0B /* card_names_cache.json */; };
		3CC23BA28502BEC3443C2648 /* PokeScanApp.swift in Sources */ = {isa = PBXBuildFile; fileRef = 7D8B7C962315C92F3AB1ABD1 /* PokeScanApp.swift */; };
		3D58CEE784F12211C663CD60 /* AuthViewModel.swift in Sources */ = {isa = PBXBuildFile; fileRef = 5E307CCFAD53A881941236CD /* AuthViewModel.swift */; };
		470E6EC4EB54EACE610FDD8E /* AppState.swift in Sources */ = {isa = PBXBuildFile; fileRef = 74B1849801A76FE947F9C394 /* AppState.swift */; };
		4715F3F270715DC88C8FB585 /* CardScannerService.swift in Sources */ = {isa = PBXBuildFile; fileRef = 0C6C063FB7DFB5A86E1C2981 /* CardScannerService.swift */; };
		487FE39C514E05BFDE103330 /* DashboardView.swift in Sources */ = {isa = PBXBuildFile; fileRef = 67A66B0FF2ABA1FB245DA559 /* DashboardView.swift */; };
		53ECDFE5A5A6B2218498D0A2 /* DashboardViewModel.swift in Sources */ = {isa = PBXBuildFile; fileRef = F180D4A825F3277859FC86D9 /* DashboardViewModel.swift */; };
		54020CA66DBF675F45EBF8A9 /* RootView.swift in Sources */ = {isa = PBXBuildFile; fileRef = 49B7BD9C1D45FBECB86A890E /* RootView.swift */; };
		5CDB4AD6A27D39E00EBF31CF /* ScannerView.swift in Sources */ = {isa = PBXBuildFile; fileRef = 8D072407392956B452B0F15B /* ScannerView.swift */; };
		60E12BFF3183B0065458420B /* SwiftDataModels.swift in Sources */ = {isa = PBXBuildFile; fileRef = 9C52CB843C409AD970818242 /* SwiftDataModels.swift */; };
		61F84169C2C3FFC6681EA9F6 /* NetworkService.swift in Sources */ = {isa = PBXBuildFile; fileRef = 696333F2CFB00A34F413DCD2 /* NetworkService.swift */; };
		65C6DB4A6D2F98D7030633A5 /* Transaction.swift in Sources */ = {isa = PBXBuildFile; fileRef = D22872086F20C60BAAD41828 /* Transaction.swift */; };
		79149F550C4F404594FF0A0D /* RegisterView.swift in Sources */ = {isa = PBXBuildFile; fileRef = 8AF6A97CA3141C3ECDB895CB /* RegisterView.swift */; };
		7D8B8BFF3FC94EB50D058774 /* SettingsView.swift in Sources */ = {isa = PBXBuildFile; fileRef = E9E3DC46959D57B5DD26BB75 /* SettingsView.swift */; };
		827006F241E79C06865BD75E /* InventoryService.swift in Sources */ = {isa = PBXBuildFile; fileRef = 1D879A830C5B6C3EEE75CAE3 /* InventoryService.swift */; };
		A377E17EADE818A873C39FC3 /* LoginView.swift in Sources */ = {isa = PBXBuildFile; fileRef = A21FF5D5EF4C0F4BF34DDBCD /* LoginView.swift */; };
		AD13545C350316E7C530A54A /* InventoryListView.swift in Sources */ = {isa = PBXBuildFile; fileRef = 25F77C0457A81ED46F6216B2 /* InventoryListView.swift */; };
		B035139DF66CB2FF47570817 /* ScannerViewModel.swift in Sources */ = {isa = PBXBuildFile; fileRef = 50F6F8E93F91F83BE8AE0AA7 /* ScannerViewModel.swift */; };
		B1D1017953EA9C2D1AB1698C /* InventoryItem.swift in Sources */ = {isa = PBXBuildFile; fileRef = EBC14A232D8F827D5646B5B7 /* InventoryItem.swift */; };
		BB5C461547FAA157C3CA1B07 /* FuzzyMatcher.swift in Sources */ = {isa = PBXBuildFile; fileRef = 1D22587650D7C8ECBA039DB7 /* FuzzyMatcher.swift */; };
		C8528AC56C08CBF71E180C73 /* CardOverlayView.swift in Sources */ = {isa = PBXBuildFile; fileRef = 9FD121007DA4EF1BA237114F /* CardOverlayView.swift */; };
		D251DCE89503D46383AD4870 /* Card.swift in Sources */ = {isa = PBXBuildFile; fileRef = 20959A3CC4372393CBD5C0F3 /* Card.swift */; };
		D6B9381FC487963EBA706FE2 /* KeychainHelper.swift in Sources */ = {isa = PBXBuildFile; fileRef = 2C0676BFD214CBE3F52E0534 /* KeychainHelper.swift */; };
		DF1A2671CC5ED3B4B9638099 /* InventoryViewModel.swift in Sources */ = {isa = PBXBuildFile; fileRef = 920499CC62F1BE5E7F224965 /* InventoryViewModel.swift */; };
		E3E1C2C8198C8F0D6499C9D1 /* ImagePreprocessor.swift in Sources */ = {isa = PBXBuildFile; fileRef = BAA67BA102828C56C1294DA3 /* ImagePreprocessor.swift */; };
		EF784C29AC9A9654659AE4BD /* CardDetailView.swift in Sources */ = {isa = PBXBuildFile; fileRef = 5F559B012FE5A2DA8D86C45E /* CardDetailView.swift */; };
		FFB2A824981B4E1737F77643 /* ScanResultSheet.swift in Sources */ = {isa = PBXBuildFile; fileRef = 8B4DE49CE97AD710A178B4BC /* ScanResultSheet.swift */; };
/* End PBXBuildFile section */

/* Begin PBXFileReference section */
		0AEB4E3C0B3156ED700ED50F /* Analytics.swift */ = {isa = PBXFileReference; lastKnownFileType = sourcecode.swift; path = Analytics.swift; sourceTree = "<group>"; };
		0C6C063FB7DFB5A86E1C2981 /* CardScannerService.swift */ = {isa = PBXFileReference; lastKnownFileType = sourcecode.swift; path = CardScannerService.swift; sourceTree = "<group>"; };
		1779567CCF01C837CB627C0B /* card_names_cache.json */ = {isa = PBXFileReference; lastKnownFileType = text.json; path = card_names_cache.json; sourceTree = "<group>"; };
		1D22587650D7C8ECBA039DB7 /* FuzzyMatcher.swift */ = {isa = PBXFileReference; lastKnownFileType = sourcecode.swift; path = FuzzyMatcher.swift; sourceTree = "<group>"; };
		1D879A830C5B6C3EEE75CAE3 /* InventoryService.swift */ = {isa = PBXFileReference; lastKnownFileType = sourcecode.swift; path = InventoryService.swift; sourceTree = "<group>"; };
		20959A3CC4372393CBD5C0F3 /* Card.swift */ = {isa = PBXFileReference; lastKnownFileType = sourcecode.swift; path = Card.swift; sourceTree = "<group>"; };
		25F77C0457A81ED46F6216B2 /* InventoryListView.swift */ = {isa = PBXFileReference; lastKnownFileType = sourcecode.swift; path = InventoryListView.swift; sourceTree = "<group>"; };
		2C0676BFD214CBE3F52E0534 /* KeychainHelper.swift */ = {isa = PBXFileReference; lastKnownFileType = sourcecode.swift; path = KeychainHelper.swift; sourceTree = "<group>"; };
		49B7BD9C1D45FBECB86A890E /* RootView.swift */ = {isa = PBXFileReference; lastKnownFileType = sourcecode.swift; path = RootView.swift; sourceTree = "<group>"; };
		50F6F8E93F91F83BE8AE0AA7 /* ScannerViewModel.swift */ = {isa = PBXFileReference; lastKnownFileType = sourcecode.swift; path = ScannerViewModel.swift; sourceTree = "<group>"; };
		5E307CCFAD53A881941236CD /* AuthViewModel.swift */ = {isa = PBXFileReference; lastKnownFileType = sourcecode.swift; path = AuthViewModel.swift; sourceTree = "<group>"; };
		5F559B012FE5A2DA8D86C45E /* CardDetailView.swift */ = {isa = PBXFileReference; lastKnownFileType = sourcecode.swift; path = CardDetailView.swift; sourceTree = "<group>"; };
		67A66B0FF2ABA1FB245DA559 /* DashboardView.swift */ = {isa = PBXFileReference; lastKnownFileType = sourcecode.swift; path = DashboardView.swift; sourceTree = "<group>"; };
		696333F2CFB00A34F413DCD2 /* NetworkService.swift */ = {isa = PBXFileReference; lastKnownFileType = sourcecode.swift; path = NetworkService.swift; sourceTree = "<group>"; };
		74B1849801A76FE947F9C394 /* AppState.swift */ = {isa = PBXFileReference; lastKnownFileType = sourcecode.swift; path = AppState.swift; sourceTree = "<group>"; };
		7716F9AA852271132EB55C81 /* Assets.xcassets */ = {isa = PBXFileReference; lastKnownFileType = folder.assetcatalog; path = Assets.xcassets; sourceTree = "<group>"; };
		7D636C829D2BCC628747DC05 /* AuthService.swift */ = {isa = PBXFileReference; lastKnownFileType = sourcecode.swift; path = AuthService.swift; sourceTree = "<group>"; };
		7D8B7C962315C92F3AB1ABD1 /* PokeScanApp.swift */ = {isa = PBXFileReference; lastKnownFileType = sourcecode.swift; path = PokeScanApp.swift; sourceTree = "<group>"; };
		8AF6A97CA3141C3ECDB895CB /* RegisterView.swift */ = {isa = PBXFileReference; lastKnownFileType = sourcecode.swift; path = RegisterView.swift; sourceTree = "<group>"; };
		8B4DE49CE97AD710A178B4BC /* ScanResultSheet.swift */ = {isa = PBXFileReference; lastKnownFileType = sourcecode.swift; path = ScanResultSheet.swift; sourceTree = "<group>"; };
		8D072407392956B452B0F15B /* ScannerView.swift */ = {isa = PBXFileReference; lastKnownFileType = sourcecode.swift; path = ScannerView.swift; sourceTree = "<group>"; };
		920499CC62F1BE5E7F224965 /* InventoryViewModel.swift */ = {isa = PBXFileReference; lastKnownFileType = sourcecode.swift; path = InventoryViewModel.swift; sourceTree = "<group>"; };
		9C52CB843C409AD970818242 /* SwiftDataModels.swift */ = {isa = PBXFileReference; lastKnownFileType = sourcecode.swift; path = SwiftDataModels.swift; sourceTree = "<group>"; };
		9FD121007DA4EF1BA237114F /* CardOverlayView.swift */ = {isa = PBXFileReference; lastKnownFileType = sourcecode.swift; path = CardOverlayView.swift; sourceTree = "<group>"; };
		A21FF5D5EF4C0F4BF34DDBCD /* LoginView.swift */ = {isa = PBXFileReference; lastKnownFileType = sourcecode.swift; path = LoginView.swift; sourceTree = "<group>"; };
		AF4A7D825A0618CED1D85888 /* Info.plist */ = {isa = PBXFileReference; lastKnownFileType = text.plist; path = Info.plist; sourceTree = "<group>"; };
		BAA67BA102828C56C1294DA3 /* ImagePreprocessor.swift */ = {isa = PBXFileReference; lastKnownFileType = sourcecode.swift; path = ImagePreprocessor.swift; sourceTree = "<group>"; };
		D22872086F20C60BAAD41828 /* Transaction.swift */ = {isa = PBXFileReference; lastKnownFileType = sourcecode.swift; path = Transaction.swift; sourceTree = "<group>"; };
		E237DF5FB908D64053B68C6B /* PokeScan.app */ = {isa = PBXFileReference; includeInIndex = 0; lastKnownFileType = wrapper.application; path = PokeScan.app; sourceTree = BUILT_PRODUCTS_DIR; };
		E9E3DC46959D57B5DD26BB75 /* SettingsView.swift */ = {isa = PBXFileReference; lastKnownFileType = sourcecode.swift; path = SettingsView.swift; sourceTree = "<group>"; };
		EBC14A232D8F827D5646B5B7 /* InventoryItem.swift */ = {isa = PBXFileReference; lastKnownFileType = sourcecode.swift; path = InventoryItem.swift; sourceTree = "<group>"; };
		F180D4A825F3277859FC86D9 /* DashboardViewModel.swift */ = {isa = PBXFileReference; lastKnownFileType = sourcecode.swift; path = DashboardViewModel.swift; sourceTree = "<group>"; };
/* End PBXFileReference section */

/* Begin PBXGroup section */
		0267EFC4961EC17EB9FEECA0 /* Products */ = {
			isa = PBXGroup;
			children = (
				E237DF5FB908D64053B68C6B /* PokeScan.app */,
			);
			name = Products;
			sourceTree = "<group>";
		};
		030011A150E4F3229AFC647A /* Models */ = {
			isa = PBXGroup;
			children = (
				0AEB4E3C0B3156ED700ED50F /* Analytics.swift */,
				20959A3CC4372393CBD5C0F3 /* Card.swift */,
				EBC14A232D8F827D5646B5B7 /* InventoryItem.swift */,
				D22872086F20C60BAAD41828 /* Transaction.swift */,
			);
			path = Models;
			sourceTree = "<group>";
		};
		067A8890AA53935DB17D5F1E /* Views */ = {
			isa = PBXGroup;
			children = (
				49B7BD9C1D45FBECB86A890E /* RootView.swift */,
				B7B251E08E857E8B97A0D4F3 /* Analytics */,
				5C80664AB297D9DF2F7DE7AA /* Auth */,
				7C7638587E61285BCBD0033F /* Inventory */,
				581B00B79A78C6A79B8BBD65 /* Scanner */,
				A3C1E9343F35AE1E0C547BC7 /* Settings */,
			);
			path = Views;
			sourceTree = "<group>";
		};
		39AEDA888FC89E8082864563 = {
			isa = PBXGroup;
			children = (
				E44D647D45954B541C38A2BA /* PokeScan */,
				0267EFC4961EC17EB9FEECA0 /* Products */,
			);
			sourceTree = "<group>";
		};
		581B00B79A78C6A79B8BBD65 /* Scanner */ = {
			isa = PBXGroup;
			children = (
				9FD121007DA4EF1BA237114F /* CardOverlayView.swift */,
				8D072407392956B452B0F15B /* ScannerView.swift */,
				8B4DE49CE97AD710A178B4BC /* ScanResultSheet.swift */,
			);
			path = Scanner;
			sourceTree = "<group>";
		};
		5C80664AB297D9DF2F7DE7AA /* Auth */ = {
			isa = PBXGroup;
			children = (
				A21FF5D5EF4C0F4BF34DDBCD /* LoginView.swift */,
				8AF6A97CA3141C3ECDB895CB /* RegisterView.swift */,
			);
			path = Auth;
			sourceTree = "<group>";
		};
		7C7638587E61285BCBD0033F /* Inventory */ = {
			isa = PBXGroup;
			children = (
				5F559B012FE5A2DA8D86C45E /* CardDetailView.swift */,
				25F77C0457A81ED46F6216B2 /* InventoryListView.swift */,
			);
			path = Inventory;
			sourceTree = "<group>";
		};
		89A9F25CB150D460248B12D8 /* Persistence */ = {
			isa = PBXGroup;
			children = (
				9C52CB843C409AD970818242 /* SwiftDataModels.swift */,
			);
			path = Persistence;
			sourceTree = "<group>";
		};
		A3C1E9343F35AE1E0C547BC7 /* Settings */ = {
			isa = PBXGroup;
			children = (
				E9E3DC46959D57B5DD26BB75 /* SettingsView.swift */,
			);
			path = Settings;
			sourceTree = "<group>";
		};
		A7E399C96CA49D2C4C6CAE33 /* Services */ = {
			isa = PBXGroup;
			children = (
				7D636C829D2BCC628747DC05 /* AuthService.swift */,
				0C6C063FB7DFB5A86E1C2981 /* CardScannerService.swift */,
				1D879A830C5B6C3EEE75CAE3 /* InventoryService.swift */,
				696333F2CFB00A34F413DCD2 /* NetworkService.swift */,
			);
			path = Services;
			sourceTree = "<group>";
		};
		B7B251E08E857E8B97A0D4F3 /* Analytics */ = {
			isa = PBXGroup;
			children = (
				67A66B0FF2ABA1FB245DA559 /* DashboardView.swift */,
			);
			path = Analytics;
			sourceTree = "<group>";
		};
		B8D74C887FDB70815E9FC3AA /* Utilities */ = {
			isa = PBXGroup;
			children = (
				1D22587650D7C8ECBA039DB7 /* FuzzyMatcher.swift */,
				BAA67BA102828C56C1294DA3 /* ImagePreprocessor.swift */,
				2C0676BFD214CBE3F52E0534 /* KeychainHelper.swift */,
			);
			path = Utilities;
			sourceTree = "<group>";
		};
		B9E08B386CB494106C396DE1 /* ViewModels */ = {
			isa = PBXGroup;
			children = (
				5E307CCFAD53A881941236CD /* AuthViewModel.swift */,
				F180D4A825F3277859FC86D9 /* DashboardViewModel.swift */,
				920499CC62F1BE5E7F224965 /* InventoryViewModel.swift */,
				50F6F8E93F91F83BE8AE0AA7 /* ScannerViewModel.swift */,
			);
			path = ViewModels;
			sourceTree = "<group>";
		};
		E3A69A03AC84A18007FECC46 /* Resources */ = {
			isa = PBXGroup;
			children = (
				7716F9AA852271132EB55C81 /* Assets.xcassets */,
				1779567CCF01C837CB627C0B /* card_names_cache.json */,
				AF4A7D825A0618CED1D85888 /* Info.plist */,
			);
			path = Resources;
			sourceTree = "<group>";
		};
		E44D647D45954B541C38A2BA /* PokeScan */ = {
			isa = PBXGroup;
			children = (
				F3BBBDB12B560AEA002C367A /* App */,
				030011A150E4F3229AFC647A /* Models */,
				89A9F25CB150D460248B12D8 /* Persistence */,
				E3A69A03AC84A18007FECC46 /* Resources */,
				A7E399C96CA49D2C4C6CAE33 /* Services */,
				B8D74C887FDB70815E9FC3AA /* Utilities */,
				B9E08B386CB494106C396DE1 /* ViewModels */,
				067A8890AA53935DB17D5F1E /* Views */,
			);
			path = PokeScan;
			sourceTree = "<group>";
		};
		F3BBBDB12B560AEA002C367A /* App */ = {
			isa = PBXGroup;
			children = (
				74B1849801A76FE947F9C394 /* AppState.swift */,
				7D8B7C962315C92F3AB1ABD1 /* PokeScanApp.swift */,
			);
			path = App;
			sourceTree = "<group>";
		};
/* End PBXGroup section */

/* Begin PBXNativeTarget section */
		F0E0ED1421552150B8177AA4 /* PokeScan */ = {
			isa = PBXNativeTarget;
			buildConfigurationList = 051F17546AA96707705F1D08 /* Build configuration list for PBXNativeTarget "PokeScan" */;
			buildPhases = (
				C79F18953867B7BC62363518 /* Sources */,
				B5AD364B5219E020E91551A3 /* Resources */,
			);
			buildRules = (
			);
			dependencies = (
			);
			name = PokeScan;
			packageProductDependencies = (
			);
			productName = PokeScan;
			productReference = E237DF5FB908D64053B68C6B /* PokeScan.app */;
			productType = "com.apple.product-type.application";
		};
/* End PBXNativeTarget section */

/* Begin PBXProject section */
		B5E0A638931CD33FC58A4CC1 /* Project object */ = {
			isa = PBXProject;
			attributes = {
				BuildIndependentTargetsInParallel = YES;
				LastUpgradeCheck = 1600;
				TargetAttributes = {
					F0E0ED1421552150B8177AA4 = {
						DevelopmentTeam = "";
						ProvisioningStyle = Automatic;
					};
				};
			};
			buildConfigurationList = 529D347315B42762F2738556 /* Build configuration list for PBXProject "PokeScan" */;
			developmentRegion = en;
			hasScannedForEncodings = 0;
			knownRegions = (
				Base,
				en,
			);
			mainGroup = 39AEDA888FC89E8082864563;
			minimizedProjectReferenceProxies = 1;
			preferredProjectObjectVersion = 77;
			productRefGroup = 0267EFC4961EC17EB9FEECA0 /* Products */;
			projectDirPath = "";
			projectRoot = "";
			targets = (
				F0E0ED1421552150B8177AA4 /* PokeScan */,
			);
		};
/* End PBXProject section */

/* Begin PBXResourcesBuildPhase section */
		B5AD364B5219E020E91551A3 /* Resources */ = {
			isa = PBXResourcesBuildPhase;
			buildActionMask = 2147483647;
			files = (
				182842B7F7D8DFCBD999E0E3 /* Assets.xcassets in Resources */,
				377C1DA0E27E19DEA0A53EC7 /* card_names_cache.json in Resources */,
			);
			runOnlyForDeploymentPostprocessing = 0;
		};
/* End PBXResourcesBuildPhase section */

/* Begin PBXSourcesBuildPhase section */
		C79F18953867B7BC62363518 /* Sources */ = {
			isa = PBXSourcesBuildPhase;
			buildActionMask = 2147483647;
			files = (
				31E443B324F1EF1E9DE8A0DC /* Analytics.swift in Sources */,
				470E6EC4EB54EACE610FDD8E /* AppState.swift in Sources */,
				06EFA78741AA92373233A867 /* AuthService.swift in Sources */,
				3D58CEE784F12211C663CD60 /* AuthViewModel.swift in Sources */,
				D251DCE89503D46383AD4870 /* Card.swift in Sources */,
				EF784C29AC9A9654659AE4BD /* CardDetailView.swift in Sources */,
				C8528AC56C08CBF71E180C73 /* CardOverlayView.swift in Sources */,
				4715F3F270715DC88C8FB585 /* CardScannerService.swift in Sources */,
				487FE39C514E05BFDE103330 /* DashboardView.swift in Sources */,
				53ECDFE5A5A6B2218498D0A2 /* DashboardViewModel.swift in Sources */,
				BB5C461547FAA157C3CA1B07 /* FuzzyMatcher.swift in Sources */,
				E3E1C2C8198C8F0D6499C9D1 /* ImagePreprocessor.swift in Sources */,
				B1D1017953EA9C2D1AB1698C /* InventoryItem.swift in Sources */,
				AD13545C350316E7C530A54A /* InventoryListView.swift in Sources */,
				827006F241E79C06865BD75E /* InventoryService.swift in Sources */,
				DF1A2671CC5ED3B4B9638099 /* InventoryViewModel.swift in Sources */,
				D6B9381FC487963EBA706FE2 /* KeychainHelper.swift in Sources */,
				A377E17EADE818A873C39FC3 /* LoginView.swift in Sources */,
				61F84169C2C3FFC6681EA9F6 /* NetworkService.swift in Sources */,
				3CC23BA28502BEC3443C2648 /* PokeScanApp.swift in Sources */,
				79149F550C4F404594FF0A0D /* RegisterView.swift in Sources */,
				54020CA66DBF675F45EBF8A9 /* RootView.swift in Sources */,
				FFB2A824981B4E1737F77643 /* ScanResultSheet.swift in Sources */,
				5CDB4AD6A27D39E00EBF31CF /* ScannerView.swift in Sources */,
				B035139DF66CB2FF47570817 /* ScannerViewModel.swift in Sources */,
				7D8B8BFF3FC94EB50D058774 /* SettingsView.swift in Sources */,
				60E12BFF3183B0065458420B /* SwiftDataModels.swift in Sources */,
				65C6DB4A6D2F98D7030633A5 /* Transaction.swift in Sources */,
			);
			runOnlyForDeploymentPostprocessing = 0;
		};
/* End PBXSourcesBuildPhase section */

/* Begin XCBuildConfiguration section */
		4C3710F1BDCF9FFD696E45EC /* Release */ = {
			isa = XCBuildConfiguration;
			buildSettings = {
				ASSETCATALOG_COMPILER_APPICON_NAME = AppIcon;
				CODE_SIGN_IDENTITY = "iPhone Developer";
				INFOPLIST_FILE = PokeScan/Resources/Info.plist;
				IPHONEOS_DEPLOYMENT_TARGET = 17.0;
				LD_RUNPATH_SEARCH_PATHS = (
					"$(inherited)",
					"@executable_path/Frameworks",
				);
				SDKROOT = iphoneos;
				SWIFT_VERSION = 5.9;
				TARGETED_DEVICE_FAMILY = "1,2";
			};
			name = Release;
		};
		58B34DBAA9F5A7BD28F3B1CB /* Release */ = {
			isa = XCBuildConfiguration;
			buildSettings = {
				ALWAYS_SEARCH_USER_PATHS = NO;
				CLANG_ANALYZER_NONNULL = YES;
				CLANG_ANALYZER_NUMBER_OBJECT_CONVERSION = YES_AGGRESSIVE;
				CLANG_CXX_LANGUAGE_STANDARD = "gnu++14";
				CLANG_CXX_LIBRARY = "libc++";
				CLANG_ENABLE_MODULES = YES;
				CLANG_ENABLE_OBJC_ARC = YES;
				CLANG_ENABLE_OBJC_WEAK = YES;
				CLANG_WARN_BLOCK_CAPTURE_AUTORELEASING = YES;
				CLANG_WARN_BOOL_CONVERSION = YES;
				CLANG_WARN_COMMA = YES;
				CLANG_WARN_CONSTANT_CONVERSION = YES;
				CLANG_WARN_DEPRECATED_OBJC_IMPLEMENTATIONS = YES;
				CLANG_WARN_DIRECT_OBJC_ISA_USAGE = YES_ERROR;
				CLANG_WARN_DOCUMENTATION_COMMENTS = YES;
				CLANG_WARN_EMPTY_BODY = YES;
				CLANG_WARN_ENUM_CONVERSION = YES;
				CLANG_WARN_INFINITE_RECURSION = YES;
				CLANG_WARN_INT_CONVERSION = YES;
				CLANG_WARN_NON_LITERAL_NULL_CONVERSION = YES;
				CLANG_WARN_OBJC_IMPLICIT_RETAIN_SELF = YES;
				CLANG_WARN_OBJC_LITERAL_CONVERSION = YES;
				CLANG_WARN_OBJC_ROOT_CLASS = YES_ERROR;
				CLANG_WARN_QUOTED_INCLUDE_IN_FRAMEWORK_HEADER = YES;
				CLANG_WARN_RANGE_LOOP_ANALYSIS = YES;
				CLANG_WARN_STRICT_PROTOTYPES = YES;
				CLANG_WARN_SUSPICIOUS_MOVE = YES;
				CLANG_WARN_UNGUARDED_AVAILABILITY = YES_AGGRESSIVE;
				CLANG_WARN_UNREACHABLE_CODE = YES;
				CLANG_WARN__DUPLICATE_METHOD_MATCH = YES;
				CODE_SIGN_STYLE = Automatic;
				COPY_PHASE_STRIP = NO;
				CURRENT_PROJECT_VERSION = 1;
				DEBUG_INFORMATION_FORMAT = "dwarf-with-dsym";
				DEVELOPMENT_TEAM = "";
				ENABLE_NS_ASSERTIONS = NO;
				ENABLE_PREVIEWS = YES;
				ENABLE_STRICT_OBJC_MSGSEND = YES;
				GCC_C_LANGUAGE_STANDARD = gnu11;
				GCC_NO_COMMON_BLOCKS = YES;
				GCC_WARN_64_TO_32_BIT_CONVERSION = YES;
				GCC_WARN_ABOUT_RETURN_TYPE = YES_ERROR;
				GCC_WARN_UNDECLARED_SELECTOR = YES;
				GCC_WARN_UNINITIALIZED_AUTOS = YES_AGGRESSIVE;
				GCC_WARN_UNUSED_FUNCTION = YES;
				GCC_WARN_UNUSED_VARIABLE = YES;
				INFOPLIST_FILE = PokeScan/Resources/Info.plist;
				IPHONEOS_DEPLOYMENT_TARGET = 17.0;
				MARKETING_VERSION = 2.0.0;
				MTL_ENABLE_DEBUG_INFO = NO;
				MTL_FAST_MATH = YES;
				PRODUCT_BUNDLE_IDENTIFIER = com.pokescan.app;
				PRODUCT_NAME = "$(TARGET_NAME)";
				SDKROOT = iphoneos;
				SWIFT_COMPILATION_MODE = wholemodule;
				SWIFT_OPTIMIZATION_LEVEL = "-O";
				SWIFT_VERSION = 5.9;
			};
			name = Release;
		};
		5E18E9D2843A619FDA74989E /* Debug */ = {
			isa = XCBuildConfiguration;
			buildSettings = {
				ALWAYS_SEARCH_USER_PATHS = NO;
				CLANG_ANALYZER_NONNULL = YES;
				CLANG_ANALYZER_NUMBER_OBJECT_CONVERSION = YES_AGGRESSIVE;
				CLANG_CXX_LANGUAGE_STANDARD = "gnu++14";
				CLANG_CXX_LIBRARY = "libc++";
				CLANG_ENABLE_MODULES = YES;
				CLANG_ENABLE_OBJC_ARC = YES;
				CLANG_ENABLE_OBJC_WEAK = YES;
				CLANG_WARN_BLOCK_CAPTURE_AUTORELEASING = YES;
				CLANG_WARN_BOOL_CONVERSION = YES;
				CLANG_WARN_COMMA = YES;
				CLANG_WARN_CONSTANT_CONVERSION = YES;
				CLANG_WARN_DEPRECATED_OBJC_IMPLEMENTATIONS = YES;
				CLANG_WARN_DIRECT_OBJC_ISA_USAGE = YES_ERROR;
				CLANG_WARN_DOCUMENTATION_COMMENTS = YES;
				CLANG_WARN_EMPTY_BODY = YES;
				CLANG_WARN_ENUM_CONVERSION = YES;
				CLANG_WARN_INFINITE_RECURSION = YES;
				CLANG_WARN_INT_CONVERSION = YES;
				CLANG_WARN_NON_LITERAL_NULL_CONVERSION = YES;
				CLANG_WARN_OBJC_IMPLICIT_RETAIN_SELF = YES;
				CLANG_WARN_OBJC_LITERAL_CONVERSION = YES;
				CLANG_WARN_OBJC_ROOT_CLASS = YES_ERROR;
				CLANG_WARN_QUOTED_INCLUDE_IN_FRAMEWORK_HEADER = YES;
				CLANG_WARN_RANGE_LOOP_ANALYSIS = YES;
				CLANG_WARN_STRICT_PROTOTYPES = YES;
				CLANG_WARN_SUSPICIOUS_MOVE = YES;
				CLANG_WARN_UNGUARDED_AVAILABILITY = YES_AGGRESSIVE;
				CLANG_WARN_UNREACHABLE_CODE = YES;
				CLANG_WARN__DUPLICATE_METHOD_MATCH = YES;
				CODE_SIGN_STYLE = Automatic;
				COPY_PHASE_STRIP = NO;
				CURRENT_PROJECT_VERSION = 1;
				DEBUG_INFORMATION_FORMAT = dwarf;
				DEVELOPMENT_TEAM = "";
				ENABLE_PREVIEWS = YES;
				ENABLE_STRICT_OBJC_MSGSEND = YES;
				ENABLE_TESTABILITY = YES;
				GCC_C_LANGUAGE_STANDARD = gnu11;
				GCC_DYNAMIC_NO_PIC = NO;
				GCC_NO_COMMON_BLOCKS = YES;
				GCC_OPTIMIZATION_LEVEL = 0;
				GCC_PREPROCESSOR_DEFINITIONS = (
					"$(inherited)",
					"DEBUG=1",
				);
				GCC_WARN_64_TO_32_BIT_CONVERSION = YES;
				GCC_WARN_ABOUT_RETURN_TYPE = YES_ERROR;
				GCC_WARN_UNDECLARED_SELECTOR = YES;
				GCC_WARN_UNINITIALIZED_AUTOS = YES_AGGRESSIVE;
				GCC_WARN_UNUSED_FUNCTION = YES;
				GCC_WARN_UNUSED_VARIABLE = YES;
				INFOPLIST_FILE = PokeScan/Resources/Info.plist;
				IPHONEOS_DEPLOYMENT_TARGET = 17.0;
				MARKETING_VERSION = 2.0.0;
				MTL_ENABLE_DEBUG_INFO = INCLUDE_SOURCE;
				MTL_FAST_MATH = YES;
				ONLY_ACTIVE_ARCH = YES;
				PRODUCT_BUNDLE_IDENTIFIER = com.pokescan.app;
				PRODUCT_NAME = "$(TARGET_NAME)";
				SDKROOT = iphoneos;
				SWIFT_ACTIVE_COMPILATION_CONDITIONS = DEBUG;
				SWIFT_OPTIMIZATION_LEVEL = "-Onone";
				SWIFT_VERSION = 5.9;
			};
			name = Debug;
		};
		9A42A8D66A80E5EE20B32CC7 /* Debug */ = {
			isa = XCBuildConfiguration;
			buildSettings = {
				ASSETCATALOG_COMPILER_APPICON_NAME = AppIcon;
				CODE_SIGN_IDENTITY = "iPhone Developer";
				INFOPLIST_FILE = PokeScan/Resources/Info.plist;
				IPHONEOS_DEPLOYMENT_TARGET = 17.0;
				LD_RUNPATH_SEARCH_PATHS = (
					"$(inherited)",
					"@executable_path/Frameworks",
				);
				SDKROOT = iphoneos;
				SWIFT_VERSION = 5.9;
				TARGETED_DEVICE_FAMILY = "1,2";
			};
			name = Debug;
		};
/* End XCBuildConfiguration section */

/* Begin XCConfigurationList section */
		051F17546AA96707705F1D08 /* Build configuration list for PBXNativeTarget "PokeScan" */ = {
			isa = XCConfigurationList;
			buildConfigurations = (
				9A42A8D66A80E5EE20B32CC7 /* Debug */,
				4C3710F1BDCF9FFD696E45EC /* Release */,
			);
			defaultConfigurationIsVisible = 0;
			defaultConfigurationName = Debug;
		};
		529D347315B42762F2738556 /* Build configuration list for PBXProject "PokeScan" */ = {
			isa = XCConfigurationList;
			buildConfigurations = (
				5E18E9D2843A619FDA74989E /* Debug */,
				58B34DBAA9F5A7BD28F3B1CB /* Release */,
			);
			defaultConfigurationIsVisible = 0;
			defaultConfigurationName = Debug;
		};
/* End XCConfigurationList section */
	};
	rootObject = B5E0A638931CD33FC58A4CC1 /* Project object */;
}
